
Microsoft Visual Studio Solution File, Format Version 12.00
# Visual Studio Version 17
VisualStudioVersion = 17.2.32616.157
MinimumVisualStudioVersion = 10.0.40219.1
Project("{FAE04EC0-301F-11D3-BF4B-00C04F79EFBC}") = "PayCore", "PayCore\PayCore.csproj", "{872FB4C4-AC14-4A9E-9A59-D1A7DA680A81}"
EndProject
Project("{FAE04EC0-301F-11D3-BF4B-00C04F79EFBC}") = "Business", "Business\Business.csproj", "{783F8A74-0BC3-4E70-8708-4861A3A6E930}"
EndProject
Global
	GlobalSection(SolutionConfigurationPlatforms) = preSolution
		Debug|Any CPU = Debug|Any CPU
		Release|Any CPU = Release|Any CPU
	EndGlobalSection
	GlobalSection(ProjectConfigurationPlatforms) = postSolution
		{872FB4C4-AC14-4A9E-9A59-D1A7DA680A81}.Debug|Any CPU.ActiveCfg = Debug|Any CPU
		{872FB4C4-AC14-4A9E-9A59-D1A7DA680A81}.Debug|Any CPU.Build.0 = Debug|Any CPU
		{872FB4C4-AC14-4A9E-9A59-D1A7DA680A81}.Release|Any CPU.ActiveCfg = Release|Any CPU
		{872FB4C4-AC14-4A9E-9A59-D1A7DA680A81}.Release|Any CPU.Build.0 = Release|Any CPU
		{783F8A74-0BC3-4E70-8708-4861A3A6E930}.Debug|Any CPU.ActiveCfg = Debug|Any CPU
		{783F8A74-0BC3-4E70-8708-4861A3A6E930}.Debug|Any CPU.Build.0 = Debug|Any CPU
		{783F8A74-0BC3-4E70-8708-4861A3A6E930}.Release|Any CPU.ActiveCfg = Release|Any CPU
		{783F8A74-0BC3-4E70-8708-4861A3A6E930}.Release|Any CPU.Build.0 = Release|Any CPU
	EndGlobalSection
	GlobalSection(SolutionProperties) = preSolution
		HideSolutionNode = FALSE
	EndGlobalSection
	GlobalSection(ExtensibilityGlobals) = postSolution
		SolutionGuid = {9EDA2D9D-CC93-4BB1-8EAD-98EA6AC834C2}
	EndGlobalSection
EndGlobal
